# This file is automatically @generated by Cargo.
# It is not intended for manual editing.
version = 3

[[package]]
name = "dep-check"
version = "0.1.0"
dependencies = [
 "middle-lib",
 "trait-lib",
]

[[package]]
name = "middle-lib"
version = "0.1.0"
source = "git+https://github.com/liyan-ah/middle-lib.git#c3ea68a25fc3d201107a5dac06df3dec04f58a3b"
dependencies = [
 "trait-lib",
]

[[package]]
name = "trait-lib"
version = "0.1.0"
source = "git+https://github.com/liyan-ah/trait-lib.git?tag=1.0.0#e235c1997d09288d62c10c71e81028d4ef37d18d"
